{
  "name": "task-serializer",
  "version": "2.0.0",
  "lockfileVersion": 1,
  "requires": true,
  "dependencies": {
    "@tsconfig/recommended": {
      "version": "1.0.1",
      "resolved": "https://registry.npmjs.org/@tsconfig/recommended/-/recommended-1.0.1.tgz",
      "integrity": "sha512-2xN+iGTbPBEzGSnVp/Hd64vKJCJWxsi9gfs88x4PPMyEjHJoA3o5BY9r5OLPHIZU2pAQxkSAsJFqn6itClP8mQ==",
      "dev": true
    },
    "@types/node": {
      "version": "14.14.14",
      "resolved": "https://registry.npmjs.org/@types/node/-/node-14.14.14.tgz",
      "integrity": "sha512-UHnOPWVWV1z+VV8k6L1HhG7UbGBgIdghqF3l9Ny9ApPghbjICXkUJSd/b9gOgQfjM1r+37cipdw/HJ3F6ICEnQ==",
      "dev": true
    },
    "mini-preproc": {
      "version": "1.1.2",
      "resolved": "https://registry.npmjs.org/mini-preproc/-/mini-preproc-1.1.2.tgz",
      "integrity": "sha512-IoQYuCVL0qzPKK3EYy9i2+SSJRlvP0jtWAFBe3R9FhHk5dN+zsVul/WlpSvHwCWmHKZyXkuTonUqAYOk57p36w==",
      "dev": true
    }
  }
}
