{
  "name": "task-serializer",
  "version": "1.1.0",
  "lockfileVersion": 1,
  "requires": true,
  "dependencies": {
    "mini-preproc": {
      "version": "1.0.3",
      "resolved": "https://registry.npmjs.org/mini-preproc/-/mini-preproc-1.0.3.tgz",
      "integrity": "sha512-sOmDN86dRw5md0GLe4ALXL1UJ680xYQzAx6uoQ391SOpIpZkv0gYmuSeeKsP9zGYEqPgfUuxyk+uXfvvHdJBcw==",
      "dev": true
    }
  }
}
